// !$*UTF8*$!
{
	archiveVersion = 1;
	classes = {
	};
	objectVersion = 55;
	objects = {

/* Begin PBXBuildFile section */
		490646A728ABB57B00A543DD /* TMDBCustomFramework.framework in Frameworks */ = {isa = PBXBuildFile; fileRef = 490646A228ABB33300A543DD /* TMDBCustomFramework.framework */; };
		490646A828ABB57C00A543DD /* TMDBCustomFramework.framework in Embed Frameworks */ = {isa = PBXBuildFile; fileRef = 490646A228ABB33300A543DD /* TMDBCustomFramework.framework */; settings = {ATTRIBUTES = (CodeSignOnCopy, RemoveHeadersOnCopy, ); }; };
		49563DD228A1641000343EBD /* TMDBAPIManager.swift in Sources */ = {isa = PBXBuildFile; fileRef = 49563DD128A1641000343EBD /* TMDBAPIManager.swift */; };
		49563DD428A16B1600343EBD /* URL + Extension.swift in Sources */ = {isa = PBXBuildFile; fileRef = 49563DD328A16B1600343EBD /* URL + Extension.swift */; };
		4972827F289ECB150034F1E0 /* CastTableViewCell.swift in Sources */ = {isa = PBXBuildFile; fileRef = 4972827D289ECB150034F1E0 /* CastTableViewCell.swift */; };
		49728280289ECB150034F1E0 /* CastTableViewCell.xib in Resources */ = {isa = PBXBuildFile; fileRef = 4972827E289ECB150034F1E0 /* CastTableViewCell.xib */; };
		49728283289ED5680034F1E0 /* OverviewTableViewCell.swift in Sources */ = {isa = PBXBuildFile; fileRef = 49728281289ED5680034F1E0 /* OverviewTableViewCell.swift */; };
		49728284289ED5680034F1E0 /* OverviewTableViewCell.xib in Resources */ = {isa = PBXBuildFile; fileRef = 49728282289ED5680034F1E0 /* OverviewTableViewCell.xib */; };
		4982C33628A4D63900272520 /* MapStoryboard.storyboard in Resources */ = {isa = PBXBuildFile; fileRef = 4982C33528A4D63900272520 /* MapStoryboard.storyboard */; };
		4982C33828A4D65100272520 /* MapViewController.swift in Sources */ = {isa = PBXBuildFile; fileRef = 4982C33728A4D65100272520 /* MapViewController.swift */; };
		49A096D528A254300037EE01 /* ContentsListStoryboard.storyboard in Resources */ = {isa = PBXBuildFile; fileRef = 49A096D428A254300037EE01 /* ContentsListStoryboard.storyboard */; };
		49A096D728A254AC0037EE01 /* ContentsListViewController.swift in Sources */ = {isa = PBXBuildFile; fileRef = 49A096D628A254AC0037EE01 /* ContentsListViewController.swift */; };
		49A096D928A254BC0037EE01 /* CardView.xib in Resources */ = {isa = PBXBuildFile; fileRef = 49A096D828A254BC0037EE01 /* CardView.xib */; };
		49A096DB28A254FE0037EE01 /* CardView.swift in Sources */ = {isa = PBXBuildFile; fileRef = 49A096DA28A254FE0037EE01 /* CardView.swift */; };
		49A096E228A2648F0037EE01 /* CardCollectionViewCell.swift in Sources */ = {isa = PBXBuildFile; fileRef = 49A096E028A2648F0037EE01 /* CardCollectionViewCell.swift */; };
		49A096E328A2648F0037EE01 /* CardCollectionViewCell.xib in Resources */ = {isa = PBXBuildFile; fileRef = 49A096E128A2648F0037EE01 /* CardCollectionViewCell.xib */; };
		49A096E528A2B2F50037EE01 /* MainTableViewCell.swift in Sources */ = {isa = PBXBuildFile; fileRef = 49A096E428A2B2F50037EE01 /* MainTableViewCell.swift */; };
		49AE5D95289F9F8900AB4429 /* MovieWebViewStoryboard.storyboard in Resources */ = {isa = PBXBuildFile; fileRef = 49AE5D94289F9F8900AB4429 /* MovieWebViewStoryboard.storyboard */; };
		49AE5D97289F9FA700AB4429 /* MovieWebViewController.swift in Sources */ = {isa = PBXBuildFile; fileRef = 49AE5D96289F9FA700AB4429 /* MovieWebViewController.swift */; };
		49E809BC289A7F3600AF9700 /* AppDelegate.swift in Sources */ = {isa = PBXBuildFile; fileRef = 49E809BB289A7F3600AF9700 /* AppDelegate.swift */; };
		49E809BE289A7F3600AF9700 /* SceneDelegate.swift in Sources */ = {isa = PBXBuildFile; fileRef = 49E809BD289A7F3600AF9700 /* SceneDelegate.swift */; };
		49E809C0289A7F3600AF9700 /* ViewController.swift in Sources */ = {isa = PBXBuildFile; fileRef = 49E809BF289A7F3600AF9700 /* ViewController.swift */; };
		49E809C3289A7F3600AF9700 /* Main.storyboard in Resources */ = {isa = PBXBuildFile; fileRef = 49E809C1289A7F3600AF9700 /* Main.storyboard */; };
		49E809C5289A7F3800AF9700 /* Assets.xcassets in Resources */ = {isa = PBXBuildFile; fileRef = 49E809C4289A7F3800AF9700 /* Assets.xcassets */; };
		49E809C8289A7F3800AF9700 /* LaunchScreen.storyboard in Resources */ = {isa = PBXBuildFile; fileRef = 49E809C6289A7F3800AF9700 /* LaunchScreen.storyboard */; };
		49E809D0289A7F5C00AF9700 /* .gitignore in Resources */ = {isa = PBXBuildFile; fileRef = 49E809CF289A7F5C00AF9700 /* .gitignore */; };
		49E809D5289A80B900AF9700 /* APIKey.swift in Sources */ = {isa = PBXBuildFile; fileRef = 49E809D4289A80B900AF9700 /* APIKey.swift */; };
		49E809D9289AB41200AF9700 /* TMDBCollectionViewCell.swift in Sources */ = {isa = PBXBuildFile; fileRef = 49E809D8289AB41200AF9700 /* TMDBCollectionViewCell.swift */; };
		49E809DB289AC13500AF9700 /* MovieInfo.swift in Sources */ = {isa = PBXBuildFile; fileRef = 49E809DA289AC13500AF9700 /* MovieInfo.swift */; };
		49E809DE289AD0A800AF9700 /* SwiftyJSON in Frameworks */ = {isa = PBXBuildFile; productRef = 49E809DD289AD0A800AF9700 /* SwiftyJSON */; };
		49E809E4289AD0EB00AF9700 /* Kingfisher in Frameworks */ = {isa = PBXBuildFile; productRef = 49E809E3289AD0EB00AF9700 /* Kingfisher */; };
		49E809E7289AD11800AF9700 /* Alamofire in Frameworks */ = {isa = PBXBuildFile; productRef = 49E809E6289AD11800AF9700 /* Alamofire */; };
		49F2D48C289C346F003CB838 /* MovieDetailsStoryboard.storyboard in Resources */ = {isa = PBXBuildFile; fileRef = 49F2D48B289C346F003CB838 /* MovieDetailsStoryboard.storyboard */; };
		49F2D48F289C34C3003CB838 /* MovieDetailsViewController.swift in Sources */ = {isa = PBXBuildFile; fileRef = 49F2D48D289C34C3003CB838 /* MovieDetailsViewController.swift */; };
/* End PBXBuildFile section */

/* Begin PBXContainerItemProxy section */
		490646A128ABB33300A543DD /* PBXContainerItemProxy */ = {
			isa = PBXContainerItemProxy;
			containerPortal = 4906469C28ABB33300A543DD /* TMDBCustomFramework.xcodeproj */;
			proxyType = 2;
			remoteGlobalIDString = 4906461F28ABA11500A543DD;
			remoteInfo = TMDBCustomFramework;
		};
		490646A328ABB33300A543DD /* PBXContainerItemProxy */ = {
			isa = PBXContainerItemProxy;
			containerPortal = 4906469C28ABB33300A543DD /* TMDBCustomFramework.xcodeproj */;
			proxyType = 2;
			remoteGlobalIDString = 4906462928ABA11500A543DD;
			remoteInfo = TMDBCustomFrameworkTests;
		};
/* End PBXContainerItemProxy section */

/* Begin PBXCopyFilesBuildPhase section */
		490646A928ABB57C00A543DD /* Embed Frameworks */ = {
			isa = PBXCopyFilesBuildPhase;
			buildActionMask = 2147483647;
			dstPath = "";
			dstSubfolderSpec = 10;
			files = (
				490646A828ABB57C00A543DD /* TMDBCustomFramework.framework in Embed Frameworks */,
			);
			name = "Embed Frameworks";
			runOnlyForDeploymentPostprocessing = 0;
		};
/* End PBXCopyFilesBuildPhase section */

/* Begin PBXFileReference section */
		4906469C28ABB33300A543DD /* TMDBCustomFramework.xcodeproj */ = {isa = PBXFileReference; lastKnownFileType = "wrapper.pb-project"; name = TMDBCustomFramework.xcodeproj; path = "../../8월 3주차 프로젝트/TMDBCustomFramework/TMDBCustomFramework.xcodeproj"; sourceTree = "<group>"; };
		49563DD128A1641000343EBD /* TMDBAPIManager.swift */ = {isa = PBXFileReference; lastKnownFileType = sourcecode.swift; path = TMDBAPIManager.swift; sourceTree = "<group>"; };
		49563DD328A16B1600343EBD /* URL + Extension.swift */ = {isa = PBXFileReference; lastKnownFileType = sourcecode.swift; path = "URL + Extension.swift"; sourceTree = "<group>"; };
		4972827D289ECB150034F1E0 /* CastTableViewCell.swift */ = {isa = PBXFileReference; lastKnownFileType = sourcecode.swift; path = CastTableViewCell.swift; sourceTree = "<group>"; };
		4972827E289ECB150034F1E0 /* CastTableViewCell.xib */ = {isa = PBXFileReference; lastKnownFileType = file.xib; path = CastTableViewCell.xib; sourceTree = "<group>"; };
		49728281289ED5680034F1E0 /* OverviewTableViewCell.swift */ = {isa = PBXFileReference; lastKnownFileType = sourcecode.swift; path = OverviewTableViewCell.swift; sourceTree = "<group>"; };
		49728282289ED5680034F1E0 /* OverviewTableViewCell.xib */ = {isa = PBXFileReference; lastKnownFileType = file.xib; path = OverviewTableViewCell.xib; sourceTree = "<group>"; };
		4982C33528A4D63900272520 /* MapStoryboard.storyboard */ = {isa = PBXFileReference; lastKnownFileType = file.storyboard; path = MapStoryboard.storyboard; sourceTree = "<group>"; };
		4982C33728A4D65100272520 /* MapViewController.swift */ = {isa = PBXFileReference; lastKnownFileType = sourcecode.swift; path = MapViewController.swift; sourceTree = "<group>"; };
		49A096D428A254300037EE01 /* ContentsListStoryboard.storyboard */ = {isa = PBXFileReference; lastKnownFileType = file.storyboard; path = ContentsListStoryboard.storyboard; sourceTree = "<group>"; };
		49A096D628A254AC0037EE01 /* ContentsListViewController.swift */ = {isa = PBXFileReference; lastKnownFileType = sourcecode.swift; path = ContentsListViewController.swift; sourceTree = "<group>"; };
		49A096D828A254BC0037EE01 /* CardView.xib */ = {isa = PBXFileReference; lastKnownFileType = file.xib; path = CardView.xib; sourceTree = "<group>"; };
		49A096DA28A254FE0037EE01 /* CardView.swift */ = {isa = PBXFileReference; lastKnownFileType = sourcecode.swift; path = CardView.swift; sourceTree = "<group>"; };
		49A096E028A2648F0037EE01 /* CardCollectionViewCell.swift */ = {isa = PBXFileReference; lastKnownFileType = sourcecode.swift; path = CardCollectionViewCell.swift; sourceTree = "<group>"; };
		49A096E128A2648F0037EE01 /* CardCollectionViewCell.xib */ = {isa = PBXFileReference; lastKnownFileType = file.xib; path = CardCollectionViewCell.xib; sourceTree = "<group>"; };
		49A096E428A2B2F50037EE01 /* MainTableViewCell.swift */ = {isa = PBXFileReference; lastKnownFileType = sourcecode.swift; path = MainTableViewCell.swift; sourceTree = "<group>"; };
		49AE5D94289F9F8900AB4429 /* MovieWebViewStoryboard.storyboard */ = {isa = PBXFileReference; lastKnownFileType = file.storyboard; path = MovieWebViewStoryboard.storyboard; sourceTree = "<group>"; };
		49AE5D96289F9FA700AB4429 /* MovieWebViewController.swift */ = {isa = PBXFileReference; lastKnownFileType = sourcecode.swift; path = MovieWebViewController.swift; sourceTree = "<group>"; };
		49E809B8289A7F3600AF9700 /* TMDBProject.app */ = {isa = PBXFileReference; explicitFileType = wrapper.application; includeInIndex = 0; path = TMDBProject.app; sourceTree = BUILT_PRODUCTS_DIR; };
		49E809BB289A7F3600AF9700 /* AppDelegate.swift */ = {isa = PBXFileReference; lastKnownFileType = sourcecode.swift; path = AppDelegate.swift; sourceTree = "<group>"; };
		49E809BD289A7F3600AF9700 /* SceneDelegate.swift */ = {isa = PBXFileReference; lastKnownFileType = sourcecode.swift; path = SceneDelegate.swift; sourceTree = "<group>"; };
		49E809BF289A7F3600AF9700 /* ViewController.swift */ = {isa = PBXFileReference; lastKnownFileType = sourcecode.swift; path = ViewController.swift; sourceTree = "<group>"; };
		49E809C2289A7F3600AF9700 /* Base */ = {isa = PBXFileReference; lastKnownFileType = file.storyboard; name = Base; path = Base.lproj/Main.storyboard; sourceTree = "<group>"; };
		49E809C4289A7F3800AF9700 /* Assets.xcassets */ = {isa = PBXFileReference; lastKnownFileType = folder.assetcatalog; path = Assets.xcassets; sourceTree = "<group>"; };
		49E809C7289A7F3800AF9700 /* Base */ = {isa = PBXFileReference; lastKnownFileType = file.storyboard; name = Base; path = Base.lproj/LaunchScreen.storyboard; sourceTree = "<group>"; };
		49E809C9289A7F3800AF9700 /* Info.plist */ = {isa = PBXFileReference; lastKnownFileType = text.plist.xml; path = Info.plist; sourceTree = "<group>"; };
		49E809CF289A7F5C00AF9700 /* .gitignore */ = {isa = PBXFileReference; lastKnownFileType = text; path = .gitignore; sourceTree = "<group>"; };
		49E809D4289A80B900AF9700 /* APIKey.swift */ = {isa = PBXFileReference; lastKnownFileType = sourcecode.swift; path = APIKey.swift; sourceTree = "<group>"; };
		49E809D8289AB41200AF9700 /* TMDBCollectionViewCell.swift */ = {isa = PBXFileReference; lastKnownFileType = sourcecode.swift; path = TMDBCollectionViewCell.swift; sourceTree = "<group>"; };
		49E809DA289AC13500AF9700 /* MovieInfo.swift */ = {isa = PBXFileReference; lastKnownFileType = sourcecode.swift; path = MovieInfo.swift; sourceTree = "<group>"; };
		49F2D48B289C346F003CB838 /* MovieDetailsStoryboard.storyboard */ = {isa = PBXFileReference; lastKnownFileType = file.storyboard; path = MovieDetailsStoryboard.storyboard; sourceTree = "<group>"; };
		49F2D48D289C34C3003CB838 /* MovieDetailsViewController.swift */ = {isa = PBXFileReference; lastKnownFileType = sourcecode.swift; path = MovieDetailsViewController.swift; sourceTree = "<group>"; };
/* End PBXFileReference section */

/* Begin PBXFrameworksBuildPhase section */
		49E809B5289A7F3600AF9700 /* Frameworks */ = {
			isa = PBXFrameworksBuildPhase;
			buildActionMask = 2147483647;
			files = (
				49E809E7289AD11800AF9700 /* Alamofire in Frameworks */,
				490646A728ABB57B00A543DD /* TMDBCustomFramework.framework in Frameworks */,
				49E809E4289AD0EB00AF9700 /* Kingfisher in Frameworks */,
				49E809DE289AD0A800AF9700 /* SwiftyJSON in Frameworks */,
			);
			runOnlyForDeploymentPostprocessing = 0;
		};
/* End PBXFrameworksBuildPhase section */

/* Begin PBXGroup section */
		4906469D28ABB33300A543DD /* Products */ = {
			isa = PBXGroup;
			children = (
				490646A228ABB33300A543DD /* TMDBCustomFramework.framework */,
				490646A428ABB33300A543DD /* TMDBCustomFrameworkTests.xctest */,
			);
			name = Products;
			sourceTree = "<group>";
		};
		490646A628ABB57B00A543DD /* Frameworks */ = {
			isa = PBXGroup;
			children = (
			);
			name = Frameworks;
			sourceTree = "<group>";
		};
		49563DCE28A1638E00343EBD /* TMDBAPIManager */ = {
			isa = PBXGroup;
			children = (
				49563DD128A1641000343EBD /* TMDBAPIManager.swift */,
			);
			path = TMDBAPIManager;
			sourceTree = "<group>";
		};
		4982C33428A4D5F400272520 /* Map */ = {
			isa = PBXGroup;
			children = (
				4982C33528A4D63900272520 /* MapStoryboard.storyboard */,
				4982C33728A4D65100272520 /* MapViewController.swift */,
			);
			path = Map;
			sourceTree = "<group>";
		};
		49A096D328A253B10037EE01 /* ContentsList */ = {
			isa = PBXGroup;
			children = (
				49A096D428A254300037EE01 /* ContentsListStoryboard.storyboard */,
				49A096D628A254AC0037EE01 /* ContentsListViewController.swift */,
				49A096D828A254BC0037EE01 /* CardView.xib */,
				49A096DA28A254FE0037EE01 /* CardView.swift */,
				49A096E128A2648F0037EE01 /* CardCollectionViewCell.xib */,
				49A096E028A2648F0037EE01 /* CardCollectionViewCell.swift */,
				49A096E428A2B2F50037EE01 /* MainTableViewCell.swift */,
			);
			path = ContentsList;
			sourceTree = "<group>";
		};
		49AE5D93289F9F5E00AB4429 /* MovieWebView */ = {
			isa = PBXGroup;
			children = (
				49AE5D94289F9F8900AB4429 /* MovieWebViewStoryboard.storyboard */,
				49AE5D96289F9FA700AB4429 /* MovieWebViewController.swift */,
			);
			path = MovieWebView;
			sourceTree = "<group>";
		};
		49E809AF289A7F3600AF9700 = {
			isa = PBXGroup;
			children = (
				4906469C28ABB33300A543DD /* TMDBCustomFramework.xcodeproj */,
				49E809CF289A7F5C00AF9700 /* .gitignore */,
				49E809BA289A7F3600AF9700 /* TMDBProject */,
				49E809B9289A7F3600AF9700 /* Products */,
				490646A628ABB57B00A543DD /* Frameworks */,
			);
			sourceTree = "<group>";
		};
		49E809B9289A7F3600AF9700 /* Products */ = {
			isa = PBXGroup;
			children = (
				49E809B8289A7F3600AF9700 /* TMDBProject.app */,
			);
			name = Products;
			sourceTree = "<group>";
		};
		49E809BA289A7F3600AF9700 /* TMDBProject */ = {
			isa = PBXGroup;
			children = (
				49E809D1289A802900AF9700 /* Key */,
				49563DCE28A1638E00343EBD /* TMDBAPIManager */,
				49E809BB289A7F3600AF9700 /* AppDelegate.swift */,
				49E809BD289A7F3600AF9700 /* SceneDelegate.swift */,
				49E809C1289A7F3600AF9700 /* Main.storyboard */,
				49E809BF289A7F3600AF9700 /* ViewController.swift */,
				49E809D8289AB41200AF9700 /* TMDBCollectionViewCell.swift */,
				49E809DA289AC13500AF9700 /* MovieInfo.swift */,
				49F2D493289C34F6003CB838 /* MovieDetails */,
				49AE5D93289F9F5E00AB4429 /* MovieWebView */,
				49A096D328A253B10037EE01 /* ContentsList */,
				4982C33428A4D5F400272520 /* Map */,
				49E809C4289A7F3800AF9700 /* Assets.xcassets */,
				49E809C6289A7F3800AF9700 /* LaunchScreen.storyboard */,
				49E809C9289A7F3800AF9700 /* Info.plist */,
			);
			path = TMDBProject;
			sourceTree = "<group>";
		};
		49E809D1289A802900AF9700 /* Key */ = {
			isa = PBXGroup;
			children = (
				49E809D4289A80B900AF9700 /* APIKey.swift */,
				49563DD328A16B1600343EBD /* URL + Extension.swift */,
			);
			path = Key;
			sourceTree = "<group>";
		};
		49F2D493289C34F6003CB838 /* MovieDetails */ = {
			isa = PBXGroup;
			children = (
				49F2D48B289C346F003CB838 /* MovieDetailsStoryboard.storyboard */,
				49F2D48D289C34C3003CB838 /* MovieDetailsViewController.swift */,
				4972827D289ECB150034F1E0 /* CastTableViewCell.swift */,
				4972827E289ECB150034F1E0 /* CastTableViewCell.xib */,
				49728281289ED5680034F1E0 /* OverviewTableViewCell.swift */,
				49728282289ED5680034F1E0 /* OverviewTableViewCell.xib */,
			);
			path = MovieDetails;
			sourceTree = "<group>";
		};
/* End PBXGroup section */

/* Begin PBXNativeTarget section */
		49E809B7289A7F3600AF9700 /* TMDBProject */ = {
			isa = PBXNativeTarget;
			buildConfigurationList = 49E809CC289A7F3800AF9700 /* Build configuration list for PBXNativeTarget "TMDBProject" */;
			buildPhases = (
				49E809B4289A7F3600AF9700 /* Sources */,
				49E809B5289A7F3600AF9700 /* Frameworks */,
				49E809B6289A7F3600AF9700 /* Resources */,
				490646A928ABB57C00A543DD /* Embed Frameworks */,
			);
			buildRules = (
			);
			dependencies = (
			);
			name = TMDBProject;
			packageProductDependencies = (
				49E809DD289AD0A800AF9700 /* SwiftyJSON */,
				49E809E3289AD0EB00AF9700 /* Kingfisher */,
				49E809E6289AD11800AF9700 /* Alamofire */,
			);
			productName = TMDBProject;
			productReference = 49E809B8289A7F3600AF9700 /* TMDBProject.app */;
			productType = "com.apple.product-type.application";
		};
/* End PBXNativeTarget section */

/* Begin PBXProject section */
		49E809B0289A7F3600AF9700 /* Project object */ = {
			isa = PBXProject;
			attributes = {
				BuildIndependentTargetsInParallel = 1;
				LastSwiftUpdateCheck = 1340;
				LastUpgradeCheck = 1340;
				TargetAttributes = {
					49E809B7289A7F3600AF9700 = {
						CreatedOnToolsVersion = 13.4.1;
					};
				};
			};
			buildConfigurationList = 49E809B3289A7F3600AF9700 /* Build configuration list for PBXProject "TMDBProject" */;
			compatibilityVersion = "Xcode 13.0";
			developmentRegion = en;
			hasScannedForEncodings = 0;
			knownRegions = (
				en,
				Base,
			);
			mainGroup = 49E809AF289A7F3600AF9700;
			packageReferences = (
				49E809DC289AD0A800AF9700 /* XCRemoteSwiftPackageReference "SwiftyJSON" */,
				49E809E2289AD0EB00AF9700 /* XCRemoteSwiftPackageReference "Kingfisher" */,
				49E809E5289AD11700AF9700 /* XCRemoteSwiftPackageReference "Alamofire" */,
			);
			productRefGroup = 49E809B9289A7F3600AF9700 /* Products */;
			projectDirPath = "";
			projectReferences = (
				{
					ProductGroup = 4906469D28ABB33300A543DD /* Products */;
					ProjectRef = 4906469C28ABB33300A543DD /* TMDBCustomFramework.xcodeproj */;
				},
			);
			projectRoot = "";
			targets = (
				49E809B7289A7F3600AF9700 /* TMDBProject */,
			);
		};
/* End PBXProject section */

/* Begin PBXReferenceProxy section */
		490646A228ABB33300A543DD /* TMDBCustomFramework.framework */ = {
			isa = PBXReferenceProxy;
			fileType = wrapper.framework;
			path = TMDBCustomFramework.framework;
			remoteRef = 490646A128ABB33300A543DD /* PBXContainerItemProxy */;
			sourceTree = BUILT_PRODUCTS_DIR;
		};
		490646A428ABB33300A543DD /* TMDBCustomFrameworkTests.xctest */ = {
			isa = PBXReferenceProxy;
			fileType = wrapper.cfbundle;
			path = TMDBCustomFrameworkTests.xctest;
			remoteRef = 490646A328ABB33300A543DD /* PBXContainerItemProxy */;
			sourceTree = BUILT_PRODUCTS_DIR;
		};
/* End PBXReferenceProxy section */

/* Begin PBXResourcesBuildPhase section */
		49E809B6289A7F3600AF9700 /* Resources */ = {
			isa = PBXResourcesBuildPhase;
			buildActionMask = 2147483647;
			files = (
				49A096D928A254BC0037EE01 /* CardView.xib in Resources */,
				49E809D0289A7F5C00AF9700 /* .gitignore in Resources */,
				49F2D48C289C346F003CB838 /* MovieDetailsStoryboard.storyboard in Resources */,
				49A096D528A254300037EE01 /* ContentsListStoryboard.storyboard in Resources */,
				49728280289ECB150034F1E0 /* CastTableViewCell.xib in Resources */,
				49A096E328A2648F0037EE01 /* CardCollectionViewCell.xib in Resources */,
				4982C33628A4D63900272520 /* MapStoryboard.storyboard in Resources */,
				49E809C8289A7F3800AF9700 /* LaunchScreen.storyboard in Resources */,
				49728284289ED5680034F1E0 /* OverviewTableViewCell.xib in Resources */,
				49E809C5289A7F3800AF9700 /* Assets.xcassets in Resources */,
				49AE5D95289F9F8900AB4429 /* MovieWebViewStoryboard.storyboard in Resources */,
				49E809C3289A7F3600AF9700 /* Main.storyboard in Resources */,
			);
			runOnlyForDeploymentPostprocessing = 0;
		};
/* End PBXResourcesBuildPhase section */

/* Begin PBXSourcesBuildPhase section */
		49E809B4289A7F3600AF9700 /* Sources */ = {
			isa = PBXSourcesBuildPhase;
			buildActionMask = 2147483647;
			files = (
				49F2D48F289C34C3003CB838 /* MovieDetailsViewController.swift in Sources */,
				49E809DB289AC13500AF9700 /* MovieInfo.swift in Sources */,
				49E809C0289A7F3600AF9700 /* ViewController.swift in Sources */,
				49AE5D97289F9FA700AB4429 /* MovieWebViewController.swift in Sources */,
				49728283289ED5680034F1E0 /* OverviewTableViewCell.swift in Sources */,
				49E809BC289A7F3600AF9700 /* AppDelegate.swift in Sources */,
				49563DD228A1641000343EBD /* TMDBAPIManager.swift in Sources */,
				49A096D728A254AC0037EE01 /* ContentsListViewController.swift in Sources */,
				49A096DB28A254FE0037EE01 /* CardView.swift in Sources */,
				49E809BE289A7F3600AF9700 /* SceneDelegate.swift in Sources */,
				49A096E528A2B2F50037EE01 /* MainTableViewCell.swift in Sources */,
				49E809D5289A80B900AF9700 /* APIKey.swift in Sources */,
				49E809D9289AB41200AF9700 /* TMDBCollectionViewCell.swift in Sources */,
				4972827F289ECB150034F1E0 /* CastTableViewCell.swift in Sources */,
				49A096E228A2648F0037EE01 /* CardCollectionViewCell.swift in Sources */,
				49563DD428A16B1600343EBD /* URL + Extension.swift in Sources */,
				4982C33828A4D65100272520 /* MapViewController.swift in Sources */,
			);
			runOnlyForDeploymentPostprocessing = 0;
		};
/* End PBXSourcesBuildPhase section */

/* Begin PBXVariantGroup section */
		49E809C1289A7F3600AF9700 /* Main.storyboard */ = {
			isa = PBXVariantGroup;
			children = (
				49E809C2289A7F3600AF9700 /* Base */,
			);
			name = Main.storyboard;
			sourceTree = "<group>";
		};
		49E809C6289A7F3800AF9700 /* LaunchScreen.storyboard */ = {
			isa = PBXVariantGroup;
			children = (
				49E809C7289A7F3800AF9700 /* Base */,
			);
			name = LaunchScreen.storyboard;
			sourceTree = "<group>";
		};
/* End PBXVariantGroup section */

/* Begin XCBuildConfiguration section */
		49E809CA289A7F3800AF9700 /* Debug */ = {
			isa = XCBuildConfiguration;
			buildSettings = {
				ALWAYS_SEARCH_USER_PATHS = NO;
				CLANG_ANALYZER_NONNULL = YES;
				CLANG_ANALYZER_NUMBER_OBJECT_CONVERSION = YES_AGGRESSIVE;
				CLANG_CXX_LANGUAGE_STANDARD = "gnu++17";
				CLANG_ENABLE_MODULES = YES;
				CLANG_ENABLE_OBJC_ARC = YES;
				CLANG_ENABLE_OBJC_WEAK = YES;
				CLANG_WARN_BLOCK_CAPTURE_AUTORELEASING = YES;
				CLANG_WARN_BOOL_CONVERSION = YES;
				CLANG_WARN_COMMA = YES;
				CLANG_WARN_CONSTANT_CONVERSION = YES;
				CLANG_WARN_DEPRECATED_OBJC_IMPLEMENTATIONS = YES;
				CLANG_WARN_DIRECT_OBJC_ISA_USAGE = YES_ERROR;
				CLANG_WARN_DOCUMENTATION_COMMENTS = YES;
				CLANG_WARN_EMPTY_BODY = YES;
				CLANG_WARN_ENUM_CONVERSION = YES;
				CLANG_WARN_INFINITE_RECURSION = YES;
				CLANG_WARN_INT_CONVERSION = YES;
				CLANG_WARN_NON_LITERAL_NULL_CONVERSION = YES;
				CLANG_WARN_OBJC_IMPLICIT_RETAIN_SELF = YES;
				CLANG_WARN_OBJC_LITERAL_CONVERSION = YES;
				CLANG_WARN_OBJC_ROOT_CLASS = YES_ERROR;
				CLANG_WARN_QUOTED_INCLUDE_IN_FRAMEWORK_HEADER = YES;
				CLANG_WARN_RANGE_LOOP_ANALYSIS = YES;
				CLANG_WARN_STRICT_PROTOTYPES = YES;
				CLANG_WARN_SUSPICIOUS_MOVE = YES;
				CLANG_WARN_UNGUARDED_AVAILABILITY = YES_AGGRESSIVE;
				CLANG_WARN_UNREACHABLE_CODE = YES;
				CLANG_WARN__DUPLICATE_METHOD_MATCH = YES;
				COPY_PHASE_STRIP = NO;
				DEBUG_INFORMATION_FORMAT = dwarf;
				ENABLE_STRICT_OBJC_MSGSEND = YES;
				ENABLE_TESTABILITY = YES;
				GCC_C_LANGUAGE_STANDARD = gnu11;
				GCC_DYNAMIC_NO_PIC = NO;
				GCC_NO_COMMON_BLOCKS = YES;
				GCC_OPTIMIZATION_LEVEL = 0;
				GCC_PREPROCESSOR_DEFINITIONS = (
					"DEBUG=1",
					"$(inherited)",
				);
				GCC_WARN_64_TO_32_BIT_CONVERSION = YES;
				GCC_WARN_ABOUT_RETURN_TYPE = YES_ERROR;
				GCC_WARN_UNDECLARED_SELECTOR = YES;
				GCC_WARN_UNINITIALIZED_AUTOS = YES_AGGRESSIVE;
				GCC_WARN_UNUSED_FUNCTION = YES;
				GCC_WARN_UNUSED_VARIABLE = YES;
				IPHONEOS_DEPLOYMENT_TARGET = 15.5;
				MTL_ENABLE_DEBUG_INFO = INCLUDE_SOURCE;
				MTL_FAST_MATH = YES;
				ONLY_ACTIVE_ARCH = YES;
				SDKROOT = iphoneos;
				SWIFT_ACTIVE_COMPILATION_CONDITIONS = DEBUG;
				SWIFT_OPTIMIZATION_LEVEL = "-Onone";
			};
			name = Debug;
		};
		49E809CB289A7F3800AF9700 /* Release */ = {
			isa = XCBuildConfiguration;
			buildSettings = {
				ALWAYS_SEARCH_USER_PATHS = NO;
				CLANG_ANALYZER_NONNULL = YES;
				CLANG_ANALYZER_NUMBER_OBJECT_CONVERSION = YES_AGGRESSIVE;
				CLANG_CXX_LANGUAGE_STANDARD = "gnu++17";
				CLANG_ENABLE_MODULES = YES;
				CLANG_ENABLE_OBJC_ARC = YES;
				CLANG_ENABLE_OBJC_WEAK = YES;
				CLANG_WARN_BLOCK_CAPTURE_AUTORELEASING = YES;
				CLANG_WARN_BOOL_CONVERSION = YES;
				CLANG_WARN_COMMA = YES;
				CLANG_WARN_CONSTANT_CONVERSION = YES;
				CLANG_WARN_DEPRECATED_OBJC_IMPLEMENTATIONS = YES;
				CLANG_WARN_DIRECT_OBJC_ISA_USAGE = YES_ERROR;
				CLANG_WARN_DOCUMENTATION_COMMENTS = YES;
				CLANG_WARN_EMPTY_BODY = YES;
				CLANG_WARN_ENUM_CONVERSION = YES;
				CLANG_WARN_INFINITE_RECURSION = YES;
				CLANG_WARN_INT_CONVERSION = YES;
				CLANG_WARN_NON_LITERAL_NULL_CONVERSION = YES;
				CLANG_WARN_OBJC_IMPLICIT_RETAIN_SELF = YES;
				CLANG_WARN_OBJC_LITERAL_CONVERSION = YES;
				CLANG_WARN_OBJC_ROOT_CLASS = YES_ERROR;
				CLANG_WARN_QUOTED_INCLUDE_IN_FRAMEWORK_HEADER = YES;
				CLANG_WARN_RANGE_LOOP_ANALYSIS = YES;
				CLANG_WARN_STRICT_PROTOTYPES = YES;
				CLANG_WARN_SUSPICIOUS_MOVE = YES;
				CLANG_WARN_UNGUARDED_AVAILABILITY = YES_AGGRESSIVE;
				CLANG_WARN_UNREACHABLE_CODE = YES;
				CLANG_WARN__DUPLICATE_METHOD_MATCH = YES;
				COPY_PHASE_STRIP = NO;
				DEBUG_INFORMATION_FORMAT = "dwarf-with-dsym";
				ENABLE_NS_ASSERTIONS = NO;
				ENABLE_STRICT_OBJC_MSGSEND = YES;
				GCC_C_LANGUAGE_STANDARD = gnu11;
				GCC_NO_COMMON_BLOCKS = YES;
				GCC_WARN_64_TO_32_BIT_CONVERSION = YES;
				GCC_WARN_ABOUT_RETURN_TYPE = YES_ERROR;
				GCC_WARN_UNDECLARED_SELECTOR = YES;
				GCC_WARN_UNINITIALIZED_AUTOS = YES_AGGRESSIVE;
				GCC_WARN_UNUSED_FUNCTION = YES;
				GCC_WARN_UNUSED_VARIABLE = YES;
				IPHONEOS_DEPLOYMENT_TARGET = 15.5;
				MTL_ENABLE_DEBUG_INFO = NO;
				MTL_FAST_MATH = YES;
				SDKROOT = iphoneos;
				SWIFT_COMPILATION_MODE = wholemodule;
				SWIFT_OPTIMIZATION_LEVEL = "-O";
				VALIDATE_PRODUCT = YES;
			};
			name = Release;
		};
		49E809CD289A7F3800AF9700 /* Debug */ = {
			isa = XCBuildConfiguration;
			buildSettings = {
				ASSETCATALOG_COMPILER_APPICON_NAME = AppIcon;
				ASSETCATALOG_COMPILER_GLOBAL_ACCENT_COLOR_NAME = AccentColor;
				CODE_SIGN_STYLE = Automatic;
				CURRENT_PROJECT_VERSION = 1;
				DEVELOPMENT_TEAM = AW5HC5SGGG;
				GENERATE_INFOPLIST_FILE = YES;
				INFOPLIST_FILE = TMDBProject/Info.plist;
				INFOPLIST_KEY_NSLocationWhenInUseUsageDescription = "\"위치정보를 받으시려면 권한요청을 수정으로 바꿔주시기 바랍니다\"";
				INFOPLIST_KEY_UIApplicationSupportsIndirectInputEvents = YES;
				INFOPLIST_KEY_UILaunchStoryboardName = LaunchScreen;
				INFOPLIST_KEY_UIMainStoryboardFile = MapStoryboard;
				INFOPLIST_KEY_UISupportedInterfaceOrientations_iPad = "UIInterfaceOrientationPortrait UIInterfaceOrientationPortraitUpsideDown UIInterfaceOrientationLandscapeLeft UIInterfaceOrientationLandscapeRight";
				INFOPLIST_KEY_UISupportedInterfaceOrientations_iPhone = "UIInterfaceOrientationPortrait UIInterfaceOrientationLandscapeLeft UIInterfaceOrientationLandscapeRight";
				LD_RUNPATH_SEARCH_PATHS = (
					"$(inherited)",
					"@executable_path/Frameworks",
				);
				MARKETING_VERSION = 1.0;
				PRODUCT_BUNDLE_IDENTIFIER = com.dlee..TMDBProject;
				PRODUCT_NAME = "$(TARGET_NAME)";
				SWIFT_EMIT_LOC_STRINGS = YES;
				SWIFT_VERSION = 5.0;
				TARGETED_DEVICE_FAMILY = 1;
			};
			name = Debug;
		};
		49E809CE289A7F3800AF9700 /* Release */ = {
			isa = XCBuildConfiguration;
			buildSettings = {
				ASSETCATALOG_COMPILER_APPICON_NAME = AppIcon;
				ASSETCATALOG_COMPILER_GLOBAL_ACCENT_COLOR_NAME = AccentColor;
				CODE_SIGN_STYLE = Automatic;
				CURRENT_PROJECT_VERSION = 1;
				DEVELOPMENT_TEAM = AW5HC5SGGG;
				GENERATE_INFOPLIST_FILE = YES;
				INFOPLIST_FILE = TMDBProject/Info.plist;
				INFOPLIST_KEY_NSLocationWhenInUseUsageDescription = "\"위치정보를 받으시려면 권한요청을 수정으로 바꿔주시기 바랍니다\"";
				INFOPLIST_KEY_UIApplicationSupportsIndirectInputEvents = YES;
				INFOPLIST_KEY_UILaunchStoryboardName = LaunchScreen;
				INFOPLIST_KEY_UIMainStoryboardFile = MapStoryboard;
				INFOPLIST_KEY_UISupportedInterfaceOrientations_iPad = "UIInterfaceOrientationPortrait UIInterfaceOrientationPortraitUpsideDown UIInterfaceOrientationLandscapeLeft UIInterfaceOrientationLandscapeRight";
				INFOPLIST_KEY_UISupportedInterfaceOrientations_iPhone = "UIInterfaceOrientationPortrait UIInterfaceOrientationLandscapeLeft UIInterfaceOrientationLandscapeRight";
				LD_RUNPATH_SEARCH_PATHS = (
					"$(inherited)",
					"@executable_path/Frameworks",
				);
				MARKETING_VERSION = 1.0;
				PRODUCT_BUNDLE_IDENTIFIER = com.dlee..TMDBProject;
				PRODUCT_NAME = "$(TARGET_NAME)";
				SWIFT_EMIT_LOC_STRINGS = YES;
				SWIFT_VERSION = 5.0;
				TARGETED_DEVICE_FAMILY = 1;
			};
			name = Release;
		};
/* End XCBuildConfiguration section */

/* Begin XCConfigurationList section */
		49E809B3289A7F3600AF9700 /* Build configuration list for PBXProject "TMDBProject" */ = {
			isa = XCConfigurationList;
			buildConfigurations = (
				49E809CA289A7F3800AF9700 /* Debug */,
				49E809CB289A7F3800AF9700 /* Release */,
			);
			defaultConfigurationIsVisible = 0;
			defaultConfigurationName = Release;
		};
		49E809CC289A7F3800AF9700 /* Build configuration list for PBXNativeTarget "TMDBProject" */ = {
			isa = XCConfigurationList;
			buildConfigurations = (
				49E809CD289A7F3800AF9700 /* Debug */,
				49E809CE289A7F3800AF9700 /* Release */,
			);
			defaultConfigurationIsVisible = 0;
			defaultConfigurationName = Release;
		};
/* End XCConfigurationList section */

/* Begin XCRemoteSwiftPackageReference section */
		49E809DC289AD0A800AF9700 /* XCRemoteSwiftPackageReference "SwiftyJSON" */ = {
			isa = XCRemoteSwiftPackageReference;
			repositoryURL = "https://github.com/SwiftyJSON/SwiftyJSON";
			requirement = {
				kind = upToNextMajorVersion;
				minimumVersion = 5.0.0;
			};
		};
		49E809E2289AD0EB00AF9700 /* XCRemoteSwiftPackageReference "Kingfisher" */ = {
			isa = XCRemoteSwiftPackageReference;
			repositoryURL = "https://github.com/onevcat/Kingfisher.git";
			requirement = {
				kind = upToNextMajorVersion;
				minimumVersion = 7.0.0;
			};
		};
		49E809E5289AD11700AF9700 /* XCRemoteSwiftPackageReference "Alamofire" */ = {
			isa = XCRemoteSwiftPackageReference;
			repositoryURL = "https://github.com/Alamofire/Alamofire";
			requirement = {
				kind = upToNextMajorVersion;
				minimumVersion = 5.0.0;
			};
		};
/* End XCRemoteSwiftPackageReference section */

/* Begin XCSwiftPackageProductDependency section */
		49E809DD289AD0A800AF9700 /* SwiftyJSON */ = {
			isa = XCSwiftPackageProductDependency;
			package = 49E809DC289AD0A800AF9700 /* XCRemoteSwiftPackageReference "SwiftyJSON" */;
			productName = SwiftyJSON;
		};
		49E809E3289AD0EB00AF9700 /* Kingfisher */ = {
			isa = XCSwiftPackageProductDependency;
			package = 49E809E2289AD0EB00AF9700 /* XCRemoteSwiftPackageReference "Kingfisher" */;
			productName = Kingfisher;
		};
		49E809E6289AD11800AF9700 /* Alamofire */ = {
			isa = XCSwiftPackageProductDependency;
			package = 49E809E5289AD11700AF9700 /* XCRemoteSwiftPackageReference "Alamofire" */;
			productName = Alamofire;
		};
/* End XCSwiftPackageProductDependency section */
	};
	rootObject = 49E809B0289A7F3600AF9700 /* Project object */;
}
